// !$*UTF8*$!
{
	archiveVersion = 1;
	classes = {
	};
	objectVersion = 46;
	objects = {

/* Begin PBXBuildFile section */
		14A395A718F4FED600C14328 /* Foundation.framework in Frameworks */ = {isa = PBXBuildFile; fileRef = 14A395A618F4FED600C14328 /* Foundation.framework */; };
		14A395A918F4FED600C14328 /* CoreGraphics.framework in Frameworks */ = {isa = PBXBuildFile; fileRef = 14A395A818F4FED600C14328 /* CoreGraphics.framework */; };
		14A395AB18F4FED600C14328 /* UIKit.framework in Frameworks */ = {isa = PBXBuildFile; fileRef = 14A395AA18F4FED600C14328 /* UIKit.framework */; };
		14A395B118F4FED700C14328 /* InfoPlist.strings in Resources */ = {isa = PBXBuildFile; fileRef = 14A395AF18F4FED700C14328 /* InfoPlist.strings */; };
		14A395B318F4FED700C14328 /* main.m in Sources */ = {isa = PBXBuildFile; fileRef = 14A395B218F4FED700C14328 /* main.m */; };
		14A395B718F4FED700C14328 /* AppDelegate.m in Sources */ = {isa = PBXBuildFile; fileRef = 14A395B618F4FED700C14328 /* AppDelegate.m */; };
		14A395BA18F4FED700C14328 /* Main.storyboard in Resources */ = {isa = PBXBuildFile; fileRef = 14A395B818F4FED700C14328 /* Main.storyboard */; };
		14A395BD18F4FED700C14328 /* ViewController.m in Sources */ = {isa = PBXBuildFile; fileRef = 14A395BC18F4FED700C14328 /* ViewController.m */; };
		14A395BF18F4FED700C14328 /* Images.xcassets in Resources */ = {isa = PBXBuildFile; fileRef = 14A395BE18F4FED700C14328 /* Images.xcassets */; };
		14A395C618F4FED700C14328 /* XCTest.framework in Frameworks */ = {isa = PBXBuildFile; fileRef = 14A395C518F4FED700C14328 /* XCTest.framework */; };
		14A395C718F4FED700C14328 /* Foundation.framework in Frameworks */ = {isa = PBXBuildFile; fileRef = 14A395A618F4FED600C14328 /* Foundation.framework */; };
		14A395C818F4FED700C14328 /* UIKit.framework in Frameworks */ = {isa = PBXBuildFile; fileRef = 14A395AA18F4FED600C14328 /* UIKit.framework */; };
		14A395D018F4FED700C14328 /* InfoPlist.strings in Resources */ = {isa = PBXBuildFile; fileRef = 14A395CE18F4FED700C14328 /* InfoPlist.strings */; };
		14A395D218F4FED700C14328 /* Navigation_PracticeTests.m in Sources */ = {isa = PBXBuildFile; fileRef = 14A395D118F4FED700C14328 /* Navigation_PracticeTests.m */; };
/* End PBXBuildFile section */

/* Begin PBXContainerItemProxy section */
		14A395C918F4FED700C14328 /* PBXContainerItemProxy */ = {
			isa = PBXContainerItemProxy;
			containerPortal = 14A3959B18F4FED600C14328 /* Project object */;
			proxyType = 1;
			remoteGlobalIDString = 14A395A218F4FED600C14328;
			remoteInfo = "Navigation Practice";
		};
/* End PBXContainerItemProxy section */

/* Begin PBXFileReference section */
		14A395A318F4FED600C14328 /* Navigation Practice.app */ = {isa = PBXFileReference; explicitFileType = wrapper.application; includeInIndex = 0; path = "Navigation Practice.app"; sourceTree = BUILT_PRODUCTS_DIR; };
		14A395A618F4FED600C14328 /* Foundation.framework */ = {isa = PBXFileReference; lastKnownFileType = wrapper.framework; name = Foundation.framework; path = System/Library/Frameworks/Foundation.framework; sourceTree = SDKROOT; };
		14A395A818F4FED600C14328 /* CoreGraphics.framework */ = {isa = PBXFileReference; lastKnownFileType = wrapper.framework; name = CoreGraphics.framework; path = System/Library/Frameworks/CoreGraphics.framework; sourceTree = SDKROOT; };
		14A395AA18F4FED600C14328 /* UIKit.framework */ = {isa = PBXFileReference; lastKnownFileType = wrapper.framework; name = UIKit.framework; path = System/Library/Frameworks/UIKit.framework; sourceTree = SDKROOT; };
		14A395AE18F4FED700C14328 /* Navigation Practice-Info.plist */ = {isa = PBXFileReference; lastKnownFileType = text.plist.xml; path = "Navigation Practice-Info.plist"; sourceTree = "<group>"; };
		14A395B018F4FED700C14328 /* en */ = {isa = PBXFileReference; lastKnownFileType = text.plist.strings; name = en; path = en.lproj/InfoPlist.strings; sourceTree = "<group>"; };
		14A395B218F4FED700C14328 /* main.m */ = {isa = PBXFileReference; lastKnownFileType = sourcecode.c.objc; path = main.m; sourceTree = "<group>"; };
		14A395B418F4FED700C14328 /* Navigation Practice-Prefix.pch */ = {isa = PBXFileReference; lastKnownFileType = sourcecode.c.h; path = "Navigation Practice-Prefix.pch"; sourceTree = "<group>"; };
		14A395B518F4FED700C14328 /* AppDelegate.h */ = {isa = PBXFileReference; lastKnownFileType = sourcecode.c.h; path = AppDelegate.h; sourceTree = "<group>"; };
		14A395B618F4FED700C14328 /* AppDelegate.m */ = {isa = PBXFileReference; lastKnownFileType = sourcecode.c.objc; path = AppDelegate.m; sourceTree = "<group>"; };
		14A395B918F4FED700C14328 /* Base */ = {isa = PBXFileReference; lastKnownFileType = file.storyboard; name = Base; path = Base.lproj/Main.storyboard; sourceTree = "<group>"; };
		14A395BB18F4FED700C14328 /* ViewController.h */ = {isa = PBXFileReference; lastKnownFileType = sourcecode.c.h; path = ViewController.h; sourceTree = "<group>"; };
		14A395BC18F4FED700C14328 /* ViewController.m */ = {isa = PBXFileReference; lastKnownFileType = sourcecode.c.objc; path = ViewController.m; sourceTree = "<group>"; };
		14A395BE18F4FED700C14328 /* Images.xcassets */ = {isa = PBXFileReference; lastKnownFileType = folder.assetcatalog; path = Images.xcassets; sourceTree = "<group>"; };
		14A395C418F4FED700C14328 /* Navigation PracticeTests.xctest */ = {isa = PBXFileReference; explicitFileType = wrapper.cfbundle; includeInIndex = 0; path = "Navigation PracticeTests.xctest"; sourceTree = BUILT_PRODUCTS_DIR; };
		14A395C518F4FED700C14328 /* XCTest.framework */ = {isa = PBXFileReference; lastKnownFileType = wrapper.framework; name = XCTest.framework; path = Library/Frameworks/XCTest.framework; sourceTree = DEVELOPER_DIR; };
		14A395CD18F4FED700C14328 /* Navigation PracticeTests-Info.plist */ = {isa = PBXFileReference; lastKnownFileType = text.plist.xml; path = "Navigation PracticeTests-Info.plist"; sourceTree = "<group>"; };
		14A395CF18F4FED700C14328 /* en */ = {isa = PBXFileReference; lastKnownFileType = text.plist.strings; name = en; path = en.lproj/InfoPlist.strings; sourceTree = "<group>"; };
		14A395D118F4FED700C14328 /* Navigation_PracticeTests.m */ = {isa = PBXFileReference; lastKnownFileType = sourcecode.c.objc; path = Navigation_PracticeTests.m; sourceTree = "<group>"; };
/* End PBXFileReference section */

/* Begin PBXFrameworksBuildPhase section */
		14A395A018F4FED600C14328 /* Frameworks */ = {
			isa = PBXFrameworksBuildPhase;
			buildActionMask = 2147483647;
			files = (
				14A395A918F4FED600C14328 /* CoreGraphics.framework in Frameworks */,
				14A395AB18F4FED600C14328 /* UIKit.framework in Frameworks */,
				14A395A718F4FED600C14328 /* Foundation.framework in Frameworks */,
			);
			runOnlyForDeploymentPostprocessing = 0;
		};
		14A395C118F4FED700C14328 /* Frameworks */ = {
			isa = PBXFrameworksBuildPhase;
			buildActionMask = 2147483647;
			files = (
				14A395C618F4FED700C14328 /* XCTest.framework in Frameworks */,
				14A395C818F4FED700C14328 /* UIKit.framework in Frameworks */,
				14A395C718F4FED700C14328 /* Foundation.framework in Frameworks */,
			);
			runOnlyForDeploymentPostprocessing = 0;
		};
/* End PBXFrameworksBuildPhase section */

/* Begin PBXGroup section */
		14A3959A18F4FED600C14328 = {
			isa = PBXGroup;
			children = (
				14A395AC18F4FED600C14328 /* Navigation Practice */,
				14A395CB18F4FED700C14328 /* Navigation PracticeTests */,
				14A395A518F4FED600C14328 /* Frameworks */,
				14A395A418F4FED600C14328 /* Products */,
			);
			sourceTree = "<group>";
		};
		14A395A418F4FED600C14328 /* Products */ = {
			isa = PBXGroup;
			children = (
				14A395A318F4FED600C14328 /* Navigation Practice.app */,
				14A395C418F4FED700C14328 /* Navigation PracticeTests.xctest */,
			);
			name = Products;
			sourceTree = "<group>";
		};
		14A395A518F4FED600C14328 /* Frameworks */ = {
			isa = PBXGroup;
			children = (
				14A395A618F4FED600C14328 /* Foundation.framework */,
				14A395A818F4FED600C14328 /* CoreGraphics.framework */,
				14A395AA18F4FED600C14328 /* UIKit.framework */,
				14A395C518F4FED700C14328 /* XCTest.framework */,
			);
			name = Frameworks;
			sourceTree = "<group>";
		};
		14A395AC18F4FED600C14328 /* Navigation Practice */ = {
			isa = PBXGroup;
			children = (
				14A395B518F4FED700C14328 /* AppDelegate.h */,
				14A395B618F4FED700C14328 /* AppDelegate.m */,
				14A395B818F4FED700C14328 /* Main.storyboard */,
				14A395BB18F4FED700C14328 /* ViewController.h */,
				14A395BC18F4FED700C14328 /* ViewController.m */,
				14A395BE18F4FED700C14328 /* Images.xcassets */,
				14A395AD18F4FED700C14328 /* Supporting Files */,
			);
			path = "Navigation Practice";
			sourceTree = "<group>";
		};
		14A395AD18F4FED700C14328 /* Supporting Files */ = {
			isa = PBXGroup;
			children = (
				14A395AE18F4FED700C14328 /* Navigation Practice-Info.plist */,
				14A395AF18F4FED700C14328 /* InfoPlist.strings */,
				14A395B218F4FED700C14328 /* main.m */,
				14A395B418F4FED700C14328 /* Navigation Practice-Prefix.pch */,
			);
			name = "Supporting Files";
			sourceTree = "<group>";
		};
		14A395CB18F4FED700C14328 /* Navigation PracticeTests */ = {
			isa = PBXGroup;
			children = (
				14A395D118F4FED700C14328 /* Navigation_PracticeTests.m */,
				14A395CC18F4FED700C14328 /* Supporting Files */,
			);
			path = "Navigation PracticeTests";
			sourceTree = "<group>";
		};
		14A395CC18F4FED700C14328 /* Supporting Files */ = {
			isa = PBXGroup;
			children = (
				14A395CD18F4FED700C14328 /* Navigation PracticeTests-Info.plist */,
				14A395CE18F4FED700C14328 /* InfoPlist.strings */,
			);
			name = "Supporting Files";
			sourceTree = "<group>";
		};
/* End PBXGroup section */

/* Begin PBXNativeTarget section */
		14A395A218F4FED600C14328 /* Navigation Practice */ = {
			isa = PBXNativeTarget;
			buildConfigurationList = 14A395D518F4FED800C14328 /* Build configuration list for PBXNativeTarget "Navigation Practice" */;
			buildPhases = (
				14A3959F18F4FED600C14328 /* Sources */,
				14A395A018F4FED600C14328 /* Frameworks */,
				14A395A118F4FED600C14328 /* Resources */,
			);
			buildRules = (
			);
			dependencies = (
			);
			name = "Navigation Practice";
			productName = "Navigation Practice";
			productReference = 14A395A318F4FED600C14328 /* Navigation Practice.app */;
			productType = "com.apple.product-type.application";
		};
		14A395C318F4FED700C14328 /* Navigation PracticeTests */ = {
			isa = PBXNativeTarget;
			buildConfigurationList = 14A395D818F4FED800C14328 /* Build configuration list for PBXNativeTarget "Navigation PracticeTests" */;
			buildPhases = (
				14A395C018F4FED700C14328 /* Sources */,
				14A395C118F4FED700C14328 /* Frameworks */,
				14A395C218F4FED700C14328 /* Resources */,
			);
			buildRules = (
			);
			dependencies = (
				14A395CA18F4FED700C14328 /* PBXTargetDependency */,
			);
			name = "Navigation PracticeTests";
			productName = "Navigation PracticeTests";
			productReference = 14A395C418F4FED700C14328 /* Navigation PracticeTests.xctest */;
			productType = "com.apple.product-type.bundle.unit-test";
		};
/* End PBXNativeTarget section */

/* Begin PBXProject section */
		14A3959B18F4FED600C14328 /* Project object */ = {
			isa = PBXProject;
			attributes = {
				LastUpgradeCheck = 0500;
				ORGANIZATIONNAME = "Deep Sidhpura";
				TargetAttributes = {
					14A395C318F4FED700C14328 = {
						TestTargetID = 14A395A218F4FED600C14328;
					};
				};
			};
			buildConfigurationList = 14A3959E18F4FED600C14328 /* Build configuration list for PBXProject "Navigation Practice" */;
			compatibilityVersion = "Xcode 3.2";
			developmentRegion = English;
			hasScannedForEncodings = 0;
			knownRegions = (
				en,
				Base,
			);
			mainGroup = 14A3959A18F4FED600C14328;
			productRefGroup = 14A395A418F4FED600C14328 /* Products */;
			projectDirPath = "";
			projectRoot = "";
			targets = (
				14A395A218F4FED600C14328 /* Navigation Practice */,
				14A395C318F4FED700C14328 /* Navigation PracticeTests */,
			);
		};
/* End PBXProject section */

/* Begin PBXResourcesBuildPhase section */
		14A395A118F4FED600C14328 /* Resources */ = {
			isa = PBXResourcesBuildPhase;
			buildActionMask = 2147483647;
			files = (
				14A395BF18F4FED700C14328 /* Images.xcassets in Resources */,
				14A395B118F4FED700C14328 /* InfoPlist.strings in Resources */,
				14A395BA18F4FED700C14328 /* Main.storyboard in Resources */,
			);
			runOnlyForDeploymentPostprocessing = 0;
		};
		14A395C218F4FED700C14328 /* Resources */ = {
			isa = PBXResourcesBuildPhase;
			buildActionMask = 2147483647;
			files = (
				14A395D018F4FED700C14328 /* InfoPlist.strings in Resources */,
			);
			runOnlyForDeploymentPostprocessing = 0;
		};
/* End PBXResourcesBuildPhase section */

/* Begin PBXSourcesBuildPhase section */
		14A3959F18F4FED600C14328 /* Sources */ = {
			isa = PBXSourcesBuildPhase;
			buildActionMask = 2147483647;
			files = (
				14A395BD18F4FED700C14328 /* ViewController.m in Sources */,
				14A395B718F4FED700C14328 /* AppDelegate.m in Sources */,
				14A395B318F4FED700C14328 /* main.m in Sources */,
			);
			runOnlyForDeploymentPostprocessing = 0;
		};
		14A395C018F4FED700C14328 /* Sources */ = {
			isa = PBXSourcesBuildPhase;
			buildActionMask = 2147483647;
			files = (
				14A395D218F4FED700C14328 /* Navigation_PracticeTests.m in Sources */,
			);
			runOnlyForDeploymentPostprocessing = 0;
		};
/* End PBXSourcesBuildPhase section */

/* Begin PBXTargetDependency section */
		14A395CA18F4FED700C14328 /* PBXTargetDependency */ = {
			isa = PBXTargetDependency;
			target = 14A395A218F4FED600C14328 /* Navigation Practice */;
			targetProxy = 14A395C918F4FED700C14328 /* PBXContainerItemProxy */;
		};
/* End PBXTargetDependency section */

/* Begin PBXVariantGroup section */
		14A395AF18F4FED700C14328 /* InfoPlist.strings */ = {
			isa = PBXVariantGroup;
			children = (
				14A395B018F4FED700C14328 /* en */,
			);
			name = InfoPlist.strings;
			sourceTree = "<group>";
		};
		14A395B818F4FED700C14328 /* Main.storyboard */ = {
			isa = PBXVariantGroup;
			children = (
				14A395B918F4FED700C14328 /* Base */,
			);
			name = Main.storyboard;
			sourceTree = "<group>";
		};
		14A395CE18F4FED700C14328 /* InfoPlist.strings */ = {
			isa = PBXVariantGroup;
			children = (
				14A395CF18F4FED700C14328 /* en */,
			);
			name = InfoPlist.strings;
			sourceTree = "<group>";
		};
/* End PBXVariantGroup section */

/* Begin XCBuildConfiguration section */
		14A395D318F4FED800C14328 /* Debug */ = {
			isa = XCBuildConfiguration;
			buildSettings = {
				ALWAYS_SEARCH_USER_PATHS = NO;
				ARCHS = "$(ARCHS_STANDARD_INCLUDING_64_BIT)";
				CLANG_CXX_LANGUAGE_STANDARD = "gnu++0x";
				CLANG_CXX_LIBRARY = "libc++";
				CLANG_ENABLE_MODULES = YES;
				CLANG_ENABLE_OBJC_ARC = YES;
				CLANG_WARN_BOOL_CONVERSION = YES;
				CLANG_WARN_CONSTANT_CONVERSION = YES;
				CLANG_WARN_DIRECT_OBJC_ISA_USAGE = YES_ERROR;
				CLANG_WARN_EMPTY_BODY = YES;
				CLANG_WARN_ENUM_CONVERSION = YES;
				CLANG_WARN_INT_CONVERSION = YES;
				CLANG_WARN_OBJC_ROOT_CLASS = YES_ERROR;
				CLANG_WARN__DUPLICATE_METHOD_MATCH = YES;
				"CODE_SIGN_IDENTITY[sdk=iphoneos*]" = "iPhone Developer";
				COPY_PHASE_STRIP = NO;
				GCC_C_LANGUAGE_STANDARD = gnu99;
				GCC_DYNAMIC_NO_PIC = NO;
				GCC_OPTIMIZATION_LEVEL = 0;
				GCC_PREPROCESSOR_DEFINITIONS = (
					"DEBUG=1",
					"$(inherited)",
				);
				GCC_SYMBOLS_PRIVATE_EXTERN = NO;
				GCC_WARN_64_TO_32_BIT_CONVERSION = YES;
				GCC_WARN_ABOUT_RETURN_TYPE = YES_ERROR;
				GCC_WARN_UNDECLARED_SELECTOR = YES;
				GCC_WARN_UNINITIALIZED_AUTOS = YES;
				GCC_WARN_UNUSED_FUNCTION = YES;
				GCC_WARN_UNUSED_VARIABLE = YES;
				IPHONEOS_DEPLOYMENT_TARGET = 7.0;
				ONLY_ACTIVE_ARCH = YES;
				SDKROOT = iphoneos;
			};
			name = Debug;
		};
		14A395D418F4FED800C14328 /* Release */ = {
			isa = XCBuildConfiguration;
			buildSettings = {
				ALWAYS_SEARCH_USER_PATHS = NO;
				ARCHS = "$(ARCHS_STANDARD_INCLUDING_64_BIT)";
				CLANG_CXX_LANGUAGE_STANDARD = "gnu++0x";
				CLANG_CXX_LIBRARY = "libc++";
				CLANG_ENABLE_MODULES = YES;
				CLANG_ENABLE_OBJC_ARC = YES;
				CLANG_WARN_BOOL_CONVERSION = YES;
				CLANG_WARN_CONSTANT_CONVERSION = YES;
				CLANG_WARN_DIRECT_OBJC_ISA_USAGE = YES_ERROR;
				CLANG_WARN_EMPTY_BODY = YES;
				CLANG_WARN_ENUM_CONVERSION = YES;
				CLANG_WARN_INT_CONVERSION = YES;
				CLANG_WARN_OBJC_ROOT_CLASS = YES_ERROR;
				CLANG_WARN__DUPLICATE_METHOD_MATCH = YES;
				"CODE_SIGN_IDENTITY[sdk=iphoneos*]" = "iPhone Developer";
				COPY_PHASE_STRIP = YES;
				ENABLE_NS_ASSERTIONS = NO;
				GCC_C_LANGUAGE_STANDARD = gnu99;
				GCC_WARN_64_TO_32_BIT_CONVERSION = YES;
				GCC_WARN_ABOUT_RETURN_TYPE = YES_ERROR;
				GCC_WARN_UNDECLARED_SELECTOR = YES;
				GCC_WARN_UNINITIALIZED_AUTOS = YES;
				GCC_WARN_UNUSED_FUNCTION = YES;
				GCC_WARN_UNUSED_VARIABLE = YES;
				IPHONEOS_DEPLOYMENT_TARGET = 7.0;
				SDKROOT = iphoneos;
				VALIDATE_PRODUCT = YES;
			};
			name = Release;
		};
		14A395D618F4FED800C14328 /* Debug */ = {
			isa = XCBuildConfiguration;
			buildSettings = {
				ASSETCATALOG_COMPILER_APPICON_NAME = AppIcon;
				ASSETCATALOG_COMPILER_LAUNCHIMAGE_NAME = LaunchImage;
				GCC_PRECOMPILE_PREFIX_HEADER = YES;
				GCC_PREFIX_HEADER = "Navigation Practice/Navigation Practice-Prefix.pch";
				INFOPLIST_FILE = "Navigation Practice/Navigation Practice-Info.plist";
				PRODUCT_NAME = "$(TARGET_NAME)";
				WRAPPER_EXTENSION = app;
			};
			name = Debug;
		};
		14A395D718F4FED800C14328 /* Release */ = {
			isa = XCBuildConfiguration;
			buildSettings = {
				ASSETCATALOG_COMPILER_APPICON_NAME = AppIcon;
				ASSETCATALOG_COMPILER_LAUNCHIMAGE_NAME = LaunchImage;
				GCC_PRECOMPILE_PREFIX_HEADER = YES;
				GCC_PREFIX_HEADER = "Navigation Practice/Navigation Practice-Prefix.pch";
				INFOPLIST_FILE = "Navigation Practice/Navigation Practice-Info.plist";
				PRODUCT_NAME = "$(TARGET_NAME)";
				WRAPPER_EXTENSION = app;
			};
			name = Release;
		};
		14A395D918F4FED800C14328 /* Debug */ = {
			isa = XCBuildConfiguration;
			buildSettings = {
				ARCHS = "$(ARCHS_STANDARD_INCLUDING_64_BIT)";
				BUNDLE_LOADER = "$(BUILT_PRODUCTS_DIR)/Navigation Practice.app/Navigation Practice";
				FRAMEWORK_SEARCH_PATHS = (
					"$(SDKROOT)/Developer/Library/Frameworks",
					"$(inherited)",
					"$(DEVELOPER_FRAMEWORKS_DIR)",
				);
				GCC_PRECOMPILE_PREFIX_HEADER = YES;
				GCC_PREFIX_HEADER = "Navigation Practice/Navigation Practice-Prefix.pch";
				GCC_PREPROCESSOR_DEFINITIONS = (
					"DEBUG=1",
					"$(inherited)",
				);
				INFOPLIST_FILE = "Navigation PracticeTests/Navigation PracticeTests-Info.plist";
				PRODUCT_NAME = "$(TARGET_NAME)";
				TEST_HOST = "$(BUNDLE_LOADER)";
				WRAPPER_EXTENSION = xctest;
			};
			name = Debug;
		};
		14A395DA18F4FED800C14328 /* Release */ = {
			isa = XCBuildConfiguration;
			buildSettings = {
				ARCHS = "$(ARCHS_STANDARD_INCLUDING_64_BIT)";
				BUNDLE_LOADER = "$(BUILT_PRODUCTS_DIR)/Navigation Practice.app/Navigation Practice";
				FRAMEWORK_SEARCH_PATHS = (
					"$(SDKROOT)/Developer/Library/Frameworks",
					"$(inherited)",
					"$(DEVELOPER_FRAMEWORKS_DIR)",
				);
				GCC_PRECOMPILE_PREFIX_HEADER = YES;
				GCC_PREFIX_HEADER = "Navigation Practice/Navigation Practice-Prefix.pch";
				INFOPLIST_FILE = "Navigation PracticeTests/Navigation PracticeTests-Info.plist";
				PRODUCT_NAME = "$(TARGET_NAME)";
				TEST_HOST = "$(BUNDLE_LOADER)";
				WRAPPER_EXTENSION = xctest;
			};
			name = Release;
		};
/* End XCBuildConfiguration section */

/* Begin XCConfigurationList section */
		14A3959E18F4FED600C14328 /* Build configuration list for PBXProject "Navigation Practice" */ = {
			isa = XCConfigurationList;
			buildConfigurations = (
				14A395D318F4FED800C14328 /* Debug */,
				14A395D418F4FED800C14328 /* Release */,
			);
			defaultConfigurationIsVisible = 0;
			defaultConfigurationName = Release;
		};
		14A395D518F4FED800C14328 /* Build configuration list for PBXNativeTarget "Navigation Practice" */ = {
			isa = XCConfigurationList;
			buildConfigurations = (
				14A395D618F4FED800C14328 /* Debug */,
				14A395D718F4FED800C14328 /* Release */,
			);
			defaultConfigurationIsVisible = 0;
			defaultConfigurationName = Release;
		};
		14A395D818F4FED800C14328 /* Build configuration list for PBXNativeTarget "Navigation PracticeTests" */ = {
			isa = XCConfigurationList;
			buildConfigurations = (
				14A395D918F4FED800C14328 /* Debug */,
				14A395DA18F4FED800C14328 /* Release */,
			);
			defaultConfigurationIsVisible = 0;
			defaultConfigurationName = Release;
		};
/* End XCConfigurationList section */
	};
	rootObject = 14A3959B18F4FED600C14328 /* Project object */;
}
