// !$*UTF8*$!
{
	archiveVersion = 1;
	classes = {
	};
	objectVersion = 46;
	objects = {

/* Begin PBXBuildFile section */
		144AA47F18AC87B4004262E5 /* Foundation.framework in Frameworks */ = {isa = PBXBuildFile; fileRef = 144AA47E18AC87B4004262E5 /* Foundation.framework */; };
		144AA48118AC87B4004262E5 /* CoreGraphics.framework in Frameworks */ = {isa = PBXBuildFile; fileRef = 144AA48018AC87B4004262E5 /* CoreGraphics.framework */; };
		144AA48318AC87B4004262E5 /* UIKit.framework in Frameworks */ = {isa = PBXBuildFile; fileRef = 144AA48218AC87B4004262E5 /* UIKit.framework */; };
		144AA48918AC87B4004262E5 /* InfoPlist.strings in Resources */ = {isa = PBXBuildFile; fileRef = 144AA48718AC87B4004262E5 /* InfoPlist.strings */; };
		144AA48B18AC87B4004262E5 /* main.m in Sources */ = {isa = PBXBuildFile; fileRef = 144AA48A18AC87B4004262E5 /* main.m */; };
		144AA48F18AC87B4004262E5 /* AppDelegate.m in Sources */ = {isa = PBXBuildFile; fileRef = 144AA48E18AC87B4004262E5 /* AppDelegate.m */; };
		144AA49218AC87B4004262E5 /* Main_iPhone.storyboard in Resources */ = {isa = PBXBuildFile; fileRef = 144AA49018AC87B4004262E5 /* Main_iPhone.storyboard */; };
		144AA49518AC87B4004262E5 /* Main_iPad.storyboard in Resources */ = {isa = PBXBuildFile; fileRef = 144AA49318AC87B4004262E5 /* Main_iPad.storyboard */; };
		144AA49818AC87B4004262E5 /* ViewController.m in Sources */ = {isa = PBXBuildFile; fileRef = 144AA49718AC87B4004262E5 /* ViewController.m */; };
		144AA49A18AC87B4004262E5 /* Images.xcassets in Resources */ = {isa = PBXBuildFile; fileRef = 144AA49918AC87B4004262E5 /* Images.xcassets */; };
		144AA4A118AC87B5004262E5 /* XCTest.framework in Frameworks */ = {isa = PBXBuildFile; fileRef = 144AA4A018AC87B5004262E5 /* XCTest.framework */; };
		144AA4A218AC87B5004262E5 /* Foundation.framework in Frameworks */ = {isa = PBXBuildFile; fileRef = 144AA47E18AC87B4004262E5 /* Foundation.framework */; };
		144AA4A318AC87B5004262E5 /* UIKit.framework in Frameworks */ = {isa = PBXBuildFile; fileRef = 144AA48218AC87B4004262E5 /* UIKit.framework */; };
		144AA4AB18AC87B5004262E5 /* InfoPlist.strings in Resources */ = {isa = PBXBuildFile; fileRef = 144AA4A918AC87B5004262E5 /* InfoPlist.strings */; };
		144AA4AD18AC87B5004262E5 /* IOS_8_Saving_DataTests.m in Sources */ = {isa = PBXBuildFile; fileRef = 144AA4AC18AC87B5004262E5 /* IOS_8_Saving_DataTests.m */; };
/* End PBXBuildFile section */

/* Begin PBXContainerItemProxy section */
		144AA4A418AC87B5004262E5 /* PBXContainerItemProxy */ = {
			isa = PBXContainerItemProxy;
			containerPortal = 144AA47318AC87B3004262E5 /* Project object */;
			proxyType = 1;
			remoteGlobalIDString = 144AA47A18AC87B4004262E5;
			remoteInfo = "IOS 8 Saving Data";
		};
/* End PBXContainerItemProxy section */

/* Begin PBXFileReference section */
		144AA47B18AC87B4004262E5 /* IOS 8 Saving Data.app */ = {isa = PBXFileReference; explicitFileType = wrapper.application; includeInIndex = 0; path = "IOS 8 Saving Data.app"; sourceTree = BUILT_PRODUCTS_DIR; };
		144AA47E18AC87B4004262E5 /* Foundation.framework */ = {isa = PBXFileReference; lastKnownFileType = wrapper.framework; name = Foundation.framework; path = System/Library/Frameworks/Foundation.framework; sourceTree = SDKROOT; };
		144AA48018AC87B4004262E5 /* CoreGraphics.framework */ = {isa = PBXFileReference; lastKnownFileType = wrapper.framework; name = CoreGraphics.framework; path = System/Library/Frameworks/CoreGraphics.framework; sourceTree = SDKROOT; };
		144AA48218AC87B4004262E5 /* UIKit.framework */ = {isa = PBXFileReference; lastKnownFileType = wrapper.framework; name = UIKit.framework; path = System/Library/Frameworks/UIKit.framework; sourceTree = SDKROOT; };
		144AA48618AC87B4004262E5 /* IOS 8 Saving Data-Info.plist */ = {isa = PBXFileReference; lastKnownFileType = text.plist.xml; path = "IOS 8 Saving Data-Info.plist"; sourceTree = "<group>"; };
		144AA48818AC87B4004262E5 /* en */ = {isa = PBXFileReference; lastKnownFileType = text.plist.strings; name = en; path = en.lproj/InfoPlist.strings; sourceTree = "<group>"; };
		144AA48A18AC87B4004262E5 /* main.m */ = {isa = PBXFileReference; lastKnownFileType = sourcecode.c.objc; path = main.m; sourceTree = "<group>"; };
		144AA48C18AC87B4004262E5 /* IOS 8 Saving Data-Prefix.pch */ = {isa = PBXFileReference; lastKnownFileType = sourcecode.c.h; path = "IOS 8 Saving Data-Prefix.pch"; sourceTree = "<group>"; };
		144AA48D18AC87B4004262E5 /* AppDelegate.h */ = {isa = PBXFileReference; lastKnownFileType = sourcecode.c.h; path = AppDelegate.h; sourceTree = "<group>"; };
		144AA48E18AC87B4004262E5 /* AppDelegate.m */ = {isa = PBXFileReference; lastKnownFileType = sourcecode.c.objc; path = AppDelegate.m; sourceTree = "<group>"; };
		144AA49118AC87B4004262E5 /* Base */ = {isa = PBXFileReference; lastKnownFileType = file.storyboard; name = Base; path = Base.lproj/Main_iPhone.storyboard; sourceTree = "<group>"; };
		144AA49418AC87B4004262E5 /* Base */ = {isa = PBXFileReference; lastKnownFileType = file.storyboard; name = Base; path = Base.lproj/Main_iPad.storyboard; sourceTree = "<group>"; };
		144AA49618AC87B4004262E5 /* ViewController.h */ = {isa = PBXFileReference; lastKnownFileType = sourcecode.c.h; path = ViewController.h; sourceTree = "<group>"; };
		144AA49718AC87B4004262E5 /* ViewController.m */ = {isa = PBXFileReference; lastKnownFileType = sourcecode.c.objc; path = ViewController.m; sourceTree = "<group>"; };
		144AA49918AC87B4004262E5 /* Images.xcassets */ = {isa = PBXFileReference; lastKnownFileType = folder.assetcatalog; path = Images.xcassets; sourceTree = "<group>"; };
		144AA49F18AC87B5004262E5 /* IOS 8 Saving DataTests.xctest */ = {isa = PBXFileReference; explicitFileType = wrapper.cfbundle; includeInIndex = 0; path = "IOS 8 Saving DataTests.xctest"; sourceTree = BUILT_PRODUCTS_DIR; };
		144AA4A018AC87B5004262E5 /* XCTest.framework */ = {isa = PBXFileReference; lastKnownFileType = wrapper.framework; name = XCTest.framework; path = Library/Frameworks/XCTest.framework; sourceTree = DEVELOPER_DIR; };
		144AA4A818AC87B5004262E5 /* IOS 8 Saving DataTests-Info.plist */ = {isa = PBXFileReference; lastKnownFileType = text.plist.xml; path = "IOS 8 Saving DataTests-Info.plist"; sourceTree = "<group>"; };
		144AA4AA18AC87B5004262E5 /* en */ = {isa = PBXFileReference; lastKnownFileType = text.plist.strings; name = en; path = en.lproj/InfoPlist.strings; sourceTree = "<group>"; };
		144AA4AC18AC87B5004262E5 /* IOS_8_Saving_DataTests.m */ = {isa = PBXFileReference; lastKnownFileType = sourcecode.c.objc; path = IOS_8_Saving_DataTests.m; sourceTree = "<group>"; };
/* End PBXFileReference section */

/* Begin PBXFrameworksBuildPhase section */
		144AA47818AC87B4004262E5 /* Frameworks */ = {
			isa = PBXFrameworksBuildPhase;
			buildActionMask = 2147483647;
			files = (
				144AA48118AC87B4004262E5 /* CoreGraphics.framework in Frameworks */,
				144AA48318AC87B4004262E5 /* UIKit.framework in Frameworks */,
				144AA47F18AC87B4004262E5 /* Foundation.framework in Frameworks */,
			);
			runOnlyForDeploymentPostprocessing = 0;
		};
		144AA49C18AC87B5004262E5 /* Frameworks */ = {
			isa = PBXFrameworksBuildPhase;
			buildActionMask = 2147483647;
			files = (
				144AA4A118AC87B5004262E5 /* XCTest.framework in Frameworks */,
				144AA4A318AC87B5004262E5 /* UIKit.framework in Frameworks */,
				144AA4A218AC87B5004262E5 /* Foundation.framework in Frameworks */,
			);
			runOnlyForDeploymentPostprocessing = 0;
		};
/* End PBXFrameworksBuildPhase section */

/* Begin PBXGroup section */
		144AA47218AC87B3004262E5 = {
			isa = PBXGroup;
			children = (
				144AA48418AC87B4004262E5 /* IOS 8 Saving Data */,
				144AA4A618AC87B5004262E5 /* IOS 8 Saving DataTests */,
				144AA47D18AC87B4004262E5 /* Frameworks */,
				144AA47C18AC87B4004262E5 /* Products */,
			);
			sourceTree = "<group>";
		};
		144AA47C18AC87B4004262E5 /* Products */ = {
			isa = PBXGroup;
			children = (
				144AA47B18AC87B4004262E5 /* IOS 8 Saving Data.app */,
				144AA49F18AC87B5004262E5 /* IOS 8 Saving DataTests.xctest */,
			);
			name = Products;
			sourceTree = "<group>";
		};
		144AA47D18AC87B4004262E5 /* Frameworks */ = {
			isa = PBXGroup;
			children = (
				144AA47E18AC87B4004262E5 /* Foundation.framework */,
				144AA48018AC87B4004262E5 /* CoreGraphics.framework */,
				144AA48218AC87B4004262E5 /* UIKit.framework */,
				144AA4A018AC87B5004262E5 /* XCTest.framework */,
			);
			name = Frameworks;
			sourceTree = "<group>";
		};
		144AA48418AC87B4004262E5 /* IOS 8 Saving Data */ = {
			isa = PBXGroup;
			children = (
				144AA48D18AC87B4004262E5 /* AppDelegate.h */,
				144AA48E18AC87B4004262E5 /* AppDelegate.m */,
				144AA49018AC87B4004262E5 /* Main_iPhone.storyboard */,
				144AA49318AC87B4004262E5 /* Main_iPad.storyboard */,
				144AA49618AC87B4004262E5 /* ViewController.h */,
				144AA49718AC87B4004262E5 /* ViewController.m */,
				144AA49918AC87B4004262E5 /* Images.xcassets */,
				144AA48518AC87B4004262E5 /* Supporting Files */,
			);
			path = "IOS 8 Saving Data";
			sourceTree = "<group>";
		};
		144AA48518AC87B4004262E5 /* Supporting Files */ = {
			isa = PBXGroup;
			children = (
				144AA48618AC87B4004262E5 /* IOS 8 Saving Data-Info.plist */,
				144AA48718AC87B4004262E5 /* InfoPlist.strings */,
				144AA48A18AC87B4004262E5 /* main.m */,
				144AA48C18AC87B4004262E5 /* IOS 8 Saving Data-Prefix.pch */,
			);
			name = "Supporting Files";
			sourceTree = "<group>";
		};
		144AA4A618AC87B5004262E5 /* IOS 8 Saving DataTests */ = {
			isa = PBXGroup;
			children = (
				144AA4AC18AC87B5004262E5 /* IOS_8_Saving_DataTests.m */,
				144AA4A718AC87B5004262E5 /* Supporting Files */,
			);
			path = "IOS 8 Saving DataTests";
			sourceTree = "<group>";
		};
		144AA4A718AC87B5004262E5 /* Supporting Files */ = {
			isa = PBXGroup;
			children = (
				144AA4A818AC87B5004262E5 /* IOS 8 Saving DataTests-Info.plist */,
				144AA4A918AC87B5004262E5 /* InfoPlist.strings */,
			);
			name = "Supporting Files";
			sourceTree = "<group>";
		};
/* End PBXGroup section */

/* Begin PBXNativeTarget section */
		144AA47A18AC87B4004262E5 /* IOS 8 Saving Data */ = {
			isa = PBXNativeTarget;
			buildConfigurationList = 144AA4B018AC87B5004262E5 /* Build configuration list for PBXNativeTarget "IOS 8 Saving Data" */;
			buildPhases = (
				144AA47718AC87B4004262E5 /* Sources */,
				144AA47818AC87B4004262E5 /* Frameworks */,
				144AA47918AC87B4004262E5 /* Resources */,
			);
			buildRules = (
			);
			dependencies = (
			);
			name = "IOS 8 Saving Data";
			productName = "IOS 8 Saving Data";
			productReference = 144AA47B18AC87B4004262E5 /* IOS 8 Saving Data.app */;
			productType = "com.apple.product-type.application";
		};
		144AA49E18AC87B5004262E5 /* IOS 8 Saving DataTests */ = {
			isa = PBXNativeTarget;
			buildConfigurationList = 144AA4B318AC87B5004262E5 /* Build configuration list for PBXNativeTarget "IOS 8 Saving DataTests" */;
			buildPhases = (
				144AA49B18AC87B5004262E5 /* Sources */,
				144AA49C18AC87B5004262E5 /* Frameworks */,
				144AA49D18AC87B5004262E5 /* Resources */,
			);
			buildRules = (
			);
			dependencies = (
				144AA4A518AC87B5004262E5 /* PBXTargetDependency */,
			);
			name = "IOS 8 Saving DataTests";
			productName = "IOS 8 Saving DataTests";
			productReference = 144AA49F18AC87B5004262E5 /* IOS 8 Saving DataTests.xctest */;
			productType = "com.apple.product-type.bundle.unit-test";
		};
/* End PBXNativeTarget section */

/* Begin PBXProject section */
		144AA47318AC87B3004262E5 /* Project object */ = {
			isa = PBXProject;
			attributes = {
				LastUpgradeCheck = 0500;
				ORGANIZATIONNAME = "Deep Sidhpura";
				TargetAttributes = {
					144AA49E18AC87B5004262E5 = {
						TestTargetID = 144AA47A18AC87B4004262E5;
					};
				};
			};
			buildConfigurationList = 144AA47618AC87B3004262E5 /* Build configuration list for PBXProject "IOS 8 Saving Data" */;
			compatibilityVersion = "Xcode 3.2";
			developmentRegion = English;
			hasScannedForEncodings = 0;
			knownRegions = (
				en,
				Base,
			);
			mainGroup = 144AA47218AC87B3004262E5;
			productRefGroup = 144AA47C18AC87B4004262E5 /* Products */;
			projectDirPath = "";
			projectRoot = "";
			targets = (
				144AA47A18AC87B4004262E5 /* IOS 8 Saving Data */,
				144AA49E18AC87B5004262E5 /* IOS 8 Saving DataTests */,
			);
		};
/* End PBXProject section */

/* Begin PBXResourcesBuildPhase section */
		144AA47918AC87B4004262E5 /* Resources */ = {
			isa = PBXResourcesBuildPhase;
			buildActionMask = 2147483647;
			files = (
				144AA49518AC87B4004262E5 /* Main_iPad.storyboard in Resources */,
				144AA49A18AC87B4004262E5 /* Images.xcassets in Resources */,
				144AA49218AC87B4004262E5 /* Main_iPhone.storyboard in Resources */,
				144AA48918AC87B4004262E5 /* InfoPlist.strings in Resources */,
			);
			runOnlyForDeploymentPostprocessing = 0;
		};
		144AA49D18AC87B5004262E5 /* Resources */ = {
			isa = PBXResourcesBuildPhase;
			buildActionMask = 2147483647;
			files = (
				144AA4AB18AC87B5004262E5 /* InfoPlist.strings in Resources */,
			);
			runOnlyForDeploymentPostprocessing = 0;
		};
/* End PBXResourcesBuildPhase section */

/* Begin PBXSourcesBuildPhase section */
		144AA47718AC87B4004262E5 /* Sources */ = {
			isa = PBXSourcesBuildPhase;
			buildActionMask = 2147483647;
			files = (
				144AA49818AC87B4004262E5 /* ViewController.m in Sources */,
				144AA48F18AC87B4004262E5 /* AppDelegate.m in Sources */,
				144AA48B18AC87B4004262E5 /* main.m in Sources */,
			);
			runOnlyForDeploymentPostprocessing = 0;
		};
		144AA49B18AC87B5004262E5 /* Sources */ = {
			isa = PBXSourcesBuildPhase;
			buildActionMask = 2147483647;
			files = (
				144AA4AD18AC87B5004262E5 /* IOS_8_Saving_DataTests.m in Sources */,
			);
			runOnlyForDeploymentPostprocessing = 0;
		};
/* End PBXSourcesBuildPhase section */

/* Begin PBXTargetDependency section */
		144AA4A518AC87B5004262E5 /* PBXTargetDependency */ = {
			isa = PBXTargetDependency;
			target = 144AA47A18AC87B4004262E5 /* IOS 8 Saving Data */;
			targetProxy = 144AA4A418AC87B5004262E5 /* PBXContainerItemProxy */;
		};
/* End PBXTargetDependency section */

/* Begin PBXVariantGroup section */
		144AA48718AC87B4004262E5 /* InfoPlist.strings */ = {
			isa = PBXVariantGroup;
			children = (
				144AA48818AC87B4004262E5 /* en */,
			);
			name = InfoPlist.strings;
			sourceTree = "<group>";
		};
		144AA49018AC87B4004262E5 /* Main_iPhone.storyboard */ = {
			isa = PBXVariantGroup;
			children = (
				144AA49118AC87B4004262E5 /* Base */,
			);
			name = Main_iPhone.storyboard;
			sourceTree = "<group>";
		};
		144AA49318AC87B4004262E5 /* Main_iPad.storyboard */ = {
			isa = PBXVariantGroup;
			children = (
				144AA49418AC87B4004262E5 /* Base */,
			);
			name = Main_iPad.storyboard;
			sourceTree = "<group>";
		};
		144AA4A918AC87B5004262E5 /* InfoPlist.strings */ = {
			isa = PBXVariantGroup;
			children = (
				144AA4AA18AC87B5004262E5 /* en */,
			);
			name = InfoPlist.strings;
			sourceTree = "<group>";
		};
/* End PBXVariantGroup section */

/* Begin XCBuildConfiguration section */
		144AA4AE18AC87B5004262E5 /* Debug */ = {
			isa = XCBuildConfiguration;
			buildSettings = {
				ALWAYS_SEARCH_USER_PATHS = NO;
				ARCHS = "$(ARCHS_STANDARD_INCLUDING_64_BIT)";
				CLANG_CXX_LANGUAGE_STANDARD = "gnu++0x";
				CLANG_CXX_LIBRARY = "libc++";
				CLANG_ENABLE_MODULES = YES;
				CLANG_ENABLE_OBJC_ARC = YES;
				CLANG_WARN_BOOL_CONVERSION = YES;
				CLANG_WARN_CONSTANT_CONVERSION = YES;
				CLANG_WARN_DIRECT_OBJC_ISA_USAGE = YES_ERROR;
				CLANG_WARN_EMPTY_BODY = YES;
				CLANG_WARN_ENUM_CONVERSION = YES;
				CLANG_WARN_INT_CONVERSION = YES;
				CLANG_WARN_OBJC_ROOT_CLASS = YES_ERROR;
				CLANG_WARN__DUPLICATE_METHOD_MATCH = YES;
				"CODE_SIGN_IDENTITY[sdk=iphoneos*]" = "iPhone Developer";
				COPY_PHASE_STRIP = NO;
				GCC_C_LANGUAGE_STANDARD = gnu99;
				GCC_DYNAMIC_NO_PIC = NO;
				GCC_OPTIMIZATION_LEVEL = 0;
				GCC_PREPROCESSOR_DEFINITIONS = (
					"DEBUG=1",
					"$(inherited)",
				);
				GCC_SYMBOLS_PRIVATE_EXTERN = NO;
				GCC_WARN_64_TO_32_BIT_CONVERSION = YES;
				GCC_WARN_ABOUT_RETURN_TYPE = YES_ERROR;
				GCC_WARN_UNDECLARED_SELECTOR = YES;
				GCC_WARN_UNINITIALIZED_AUTOS = YES;
				GCC_WARN_UNUSED_FUNCTION = YES;
				GCC_WARN_UNUSED_VARIABLE = YES;
				IPHONEOS_DEPLOYMENT_TARGET = 7.0;
				ONLY_ACTIVE_ARCH = YES;
				SDKROOT = iphoneos;
				TARGETED_DEVICE_FAMILY = "1,2";
			};
			name = Debug;
		};
		144AA4AF18AC87B5004262E5 /* Release */ = {
			isa = XCBuildConfiguration;
			buildSettings = {
				ALWAYS_SEARCH_USER_PATHS = NO;
				ARCHS = "$(ARCHS_STANDARD_INCLUDING_64_BIT)";
				CLANG_CXX_LANGUAGE_STANDARD = "gnu++0x";
				CLANG_CXX_LIBRARY = "libc++";
				CLANG_ENABLE_MODULES = YES;
				CLANG_ENABLE_OBJC_ARC = YES;
				CLANG_WARN_BOOL_CONVERSION = YES;
				CLANG_WARN_CONSTANT_CONVERSION = YES;
				CLANG_WARN_DIRECT_OBJC_ISA_USAGE = YES_ERROR;
				CLANG_WARN_EMPTY_BODY = YES;
				CLANG_WARN_ENUM_CONVERSION = YES;
				CLANG_WARN_INT_CONVERSION = YES;
				CLANG_WARN_OBJC_ROOT_CLASS = YES_ERROR;
				CLANG_WARN__DUPLICATE_METHOD_MATCH = YES;
				"CODE_SIGN_IDENTITY[sdk=iphoneos*]" = "iPhone Developer";
				COPY_PHASE_STRIP = YES;
				ENABLE_NS_ASSERTIONS = NO;
				GCC_C_LANGUAGE_STANDARD = gnu99;
				GCC_WARN_64_TO_32_BIT_CONVERSION = YES;
				GCC_WARN_ABOUT_RETURN_TYPE = YES_ERROR;
				GCC_WARN_UNDECLARED_SELECTOR = YES;
				GCC_WARN_UNINITIALIZED_AUTOS = YES;
				GCC_WARN_UNUSED_FUNCTION = YES;
				GCC_WARN_UNUSED_VARIABLE = YES;
				IPHONEOS_DEPLOYMENT_TARGET = 7.0;
				SDKROOT = iphoneos;
				TARGETED_DEVICE_FAMILY = "1,2";
				VALIDATE_PRODUCT = YES;
			};
			name = Release;
		};
		144AA4B118AC87B5004262E5 /* Debug */ = {
			isa = XCBuildConfiguration;
			buildSettings = {
				ASSETCATALOG_COMPILER_APPICON_NAME = AppIcon;
				ASSETCATALOG_COMPILER_LAUNCHIMAGE_NAME = LaunchImage;
				GCC_PRECOMPILE_PREFIX_HEADER = YES;
				GCC_PREFIX_HEADER = "IOS 8 Saving Data/IOS 8 Saving Data-Prefix.pch";
				INFOPLIST_FILE = "IOS 8 Saving Data/IOS 8 Saving Data-Info.plist";
				PRODUCT_NAME = "$(TARGET_NAME)";
				WRAPPER_EXTENSION = app;
			};
			name = Debug;
		};
		144AA4B218AC87B5004262E5 /* Release */ = {
			isa = XCBuildConfiguration;
			buildSettings = {
				ASSETCATALOG_COMPILER_APPICON_NAME = AppIcon;
				ASSETCATALOG_COMPILER_LAUNCHIMAGE_NAME = LaunchImage;
				GCC_PRECOMPILE_PREFIX_HEADER = YES;
				GCC_PREFIX_HEADER = "IOS 8 Saving Data/IOS 8 Saving Data-Prefix.pch";
				INFOPLIST_FILE = "IOS 8 Saving Data/IOS 8 Saving Data-Info.plist";
				PRODUCT_NAME = "$(TARGET_NAME)";
				WRAPPER_EXTENSION = app;
			};
			name = Release;
		};
		144AA4B418AC87B5004262E5 /* Debug */ = {
			isa = XCBuildConfiguration;
			buildSettings = {
				ARCHS = "$(ARCHS_STANDARD_INCLUDING_64_BIT)";
				BUNDLE_LOADER = "$(BUILT_PRODUCTS_DIR)/IOS 8 Saving Data.app/IOS 8 Saving Data";
				FRAMEWORK_SEARCH_PATHS = (
					"$(SDKROOT)/Developer/Library/Frameworks",
					"$(inherited)",
					"$(DEVELOPER_FRAMEWORKS_DIR)",
				);
				GCC_PRECOMPILE_PREFIX_HEADER = YES;
				GCC_PREFIX_HEADER = "IOS 8 Saving Data/IOS 8 Saving Data-Prefix.pch";
				GCC_PREPROCESSOR_DEFINITIONS = (
					"DEBUG=1",
					"$(inherited)",
				);
				INFOPLIST_FILE = "IOS 8 Saving DataTests/IOS 8 Saving DataTests-Info.plist";
				PRODUCT_NAME = "$(TARGET_NAME)";
				TEST_HOST = "$(BUNDLE_LOADER)";
				WRAPPER_EXTENSION = xctest;
			};
			name = Debug;
		};
		144AA4B518AC87B5004262E5 /* Release */ = {
			isa = XCBuildConfiguration;
			buildSettings = {
				ARCHS = "$(ARCHS_STANDARD_INCLUDING_64_BIT)";
				BUNDLE_LOADER = "$(BUILT_PRODUCTS_DIR)/IOS 8 Saving Data.app/IOS 8 Saving Data";
				FRAMEWORK_SEARCH_PATHS = (
					"$(SDKROOT)/Developer/Library/Frameworks",
					"$(inherited)",
					"$(DEVELOPER_FRAMEWORKS_DIR)",
				);
				GCC_PRECOMPILE_PREFIX_HEADER = YES;
				GCC_PREFIX_HEADER = "IOS 8 Saving Data/IOS 8 Saving Data-Prefix.pch";
				INFOPLIST_FILE = "IOS 8 Saving DataTests/IOS 8 Saving DataTests-Info.plist";
				PRODUCT_NAME = "$(TARGET_NAME)";
				TEST_HOST = "$(BUNDLE_LOADER)";
				WRAPPER_EXTENSION = xctest;
			};
			name = Release;
		};
/* End XCBuildConfiguration section */

/* Begin XCConfigurationList section */
		144AA47618AC87B3004262E5 /* Build configuration list for PBXProject "IOS 8 Saving Data" */ = {
			isa = XCConfigurationList;
			buildConfigurations = (
				144AA4AE18AC87B5004262E5 /* Debug */,
				144AA4AF18AC87B5004262E5 /* Release */,
			);
			defaultConfigurationIsVisible = 0;
			defaultConfigurationName = Release;
		};
		144AA4B018AC87B5004262E5 /* Build configuration list for PBXNativeTarget "IOS 8 Saving Data" */ = {
			isa = XCConfigurationList;
			buildConfigurations = (
				144AA4B118AC87B5004262E5 /* Debug */,
				144AA4B218AC87B5004262E5 /* Release */,
			);
			defaultConfigurationIsVisible = 0;
		};
		144AA4B318AC87B5004262E5 /* Build configuration list for PBXNativeTarget "IOS 8 Saving DataTests" */ = {
			isa = XCConfigurationList;
			buildConfigurations = (
				144AA4B418AC87B5004262E5 /* Debug */,
				144AA4B518AC87B5004262E5 /* Release */,
			);
			defaultConfigurationIsVisible = 0;
		};
/* End XCConfigurationList section */
	};
	rootObject = 144AA47318AC87B3004262E5 /* Project object */;
}
